{
  "name": "app",
  "version": "1.0.0",
  "lockfileVersion": 3,
  "requires": true,
  "packages": {
    "node_modules/.pnpm/@playwright+test@1.57.0": {
      "extraneous": true
    },
    "node_modules/.pnpm/playwright-core@1.57.0/node_modules/playwright-core": {
      "version": "1.57.0",
      "extraneous": true,
      "license": "Apache-2.0",
      "bin": {
        "playwright-core": "cli.js"
      },
      "engines": {
        "node": ">=18"
      }
    },
    "node_modules/.pnpm/playwright@1.57.0": {
      "extraneous": true
    }
  }
}
